
Microsoft Visual Studio Solution File, Format Version 12.00
# Visual Studio Version 16
VisualStudioVersion = 16.0.29609.76
MinimumVisualStudioVersion = 10.0.40219.1
Project("{FAE04EC0-301F-11D3-BF4B-00C04F79EFBC}") = "JointModel", "JointModel\JointModel.csproj", "{2DB8617D-C426-472E-8F39-84E6AC35B11A}"
EndProject
Global
	GlobalSection(SolutionConfigurationPlatforms) = preSolution
		Debug|Any CPU = Debug|Any CPU
		Release|Any CPU = Release|Any CPU
	EndGlobalSection
	GlobalSection(ProjectConfigurationPlatforms) = postSolution
		{2DB8617D-C426-472E-8F39-84E6AC35B11A}.Debug|Any CPU.ActiveCfg = Debug|Any CPU
		{2DB8617D-C426-472E-8F39-84E6AC35B11A}.Debug|Any CPU.Build.0 = Debug|Any CPU
		{2DB8617D-C426-472E-8F39-84E6AC35B11A}.Release|Any CPU.ActiveCfg = Release|Any CPU
		{2DB8617D-C426-472E-8F39-84E6AC35B11A}.Release|Any CPU.Build.0 = Release|Any CPU
	EndGlobalSection
	GlobalSection(SolutionProperties) = preSolution
		HideSolutionNode = FALSE
	EndGlobalSection
	GlobalSection(ExtensibilityGlobals) = postSolution
		SolutionGuid = {B69CD769-9D54-4F39-973B-92FFF35DE3EB}
	EndGlobalSection
EndGlobal
